{
  "name": "hoangviethung009",
  "version": "1.0.0",
  "lockfileVersion": 1,
  "requires": true,
  "dependencies": {
    "animate.css": {
      "version": "4.1.0",
      "resolved": "https://registry.npmjs.org/animate.css/-/animate.css-4.1.0.tgz",
      "integrity": "sha512-0aVcfWDeU9ykV6vjn1P67ZSs01jxoUQZCGaYbkk0SIIelIG8kUdLrIkua1+VabHfTtsSivDRMMn0ILPvZum2gw==",
      "dev": true
    },
    "bootstrap": {
      "version": "4.5.0",
      "resolved": "https://registry.npmjs.org/bootstrap/-/bootstrap-4.5.0.tgz",
      "integrity": "sha512-Z93QoXvodoVslA+PWNdk23Hze4RBYIkpb5h8I2HY2Tu2h7A0LpAgLcyrhrSUyo2/Oxm2l1fRZPs1e5hnxnliXA==",
      "dev": true
    },
    "dom7": {
      "version": "3.0.0",
      "resolved": "https://registry.npmjs.org/dom7/-/dom7-3.0.0.tgz",
      "integrity": "sha512-oNlcUdHsC4zb7Msx7JN3K0Nro1dzJ48knvBOnDPKJ2GV9wl1i5vydJZUSyOfrkKFDZEud/jBsTk92S/VGSAe/g==",
      "requires": {
        "ssr-window": "^3.0.0-alpha.1"
      }
    },
    "jquery": {
      "version": "3.5.1",
      "resolved": "https://registry.npmjs.org/jquery/-/jquery-3.5.1.tgz",
      "integrity": "sha512-XwIBPqcMn57FxfT+Go5pzySnm4KWkT1Tv7gjrpT1srtf8Weynl6R273VJ5GjkRb51IzMp5nbaPjJXMWeju2MKg==",
      "dev": true
    },
    "ssr-window": {
      "version": "3.0.0",
      "resolved": "https://registry.npmjs.org/ssr-window/-/ssr-window-3.0.0.tgz",
      "integrity": "sha512-q+8UfWDg9Itrg0yWK7oe5p/XRCJpJF9OBtXfOPgSJl+u3Xd5KI328RUEvUqSMVM9CiQUEf1QdBzJMkYGErj9QA=="
    },
    "swiper": {
      "version": "6.4.5",
      "resolved": "https://registry.npmjs.org/swiper/-/swiper-6.4.5.tgz",
      "integrity": "sha512-MJIY0aXF6UKgUM+/tgwtOxI21fwRiT6QX2decd6m2L9OGA7jLBks8E0CuUuRqpQfmTInQrBPnBy8dqgOtr2O0w==",
      "requires": {
        "dom7": "^3.0.0",
        "ssr-window": "^3.0.0",
        "tslib": "^2.0.0"
      }
    },
    "tslib": {
      "version": "2.0.3",
      "resolved": "https://registry.npmjs.org/tslib/-/tslib-2.0.3.tgz",
      "integrity": "sha512-uZtkfKblCEQtZKBF6EBXVZeQNl82yqtDQdv+eck8u7tdPxjLu2/lp5/uPW+um2tpuxINHWy3GhiccY7QgEaVHQ=="
    },
    "wowjs": {
      "version": "1.1.3",
      "resolved": "https://registry.npmjs.org/wowjs/-/wowjs-1.1.3.tgz",
      "integrity": "sha1-RA/Bu0x+iWhA7keXIpaitZB1rL0=",
      "dev": true,
      "requires": {
        "animate.css": "^4.1.0"
      }
    }
  }
}
